// !$*UTF8*$!
{
	archiveVersion = 1;
	classes = {
	};
	objectVersion = 56;
	objects = {

/* Begin PBXBuildFile section */
		E2C7650129E984220062C485 /* radiojornaisApp.swift in Sources */ = {isa = PBXBuildFile; fileRef = E2C7650029E984220062C485 /* radiojornaisApp.swift */; };
		E2C7650329E984220062C485 /* ContentView.swift in Sources */ = {isa = PBXBuildFile; fileRef = E2C7650229E984220062C485 /* ContentView.swift */; };
		E2C7650529E984230062C485 /* Assets.xcassets in Resources */ = {isa = PBXBuildFile; fileRef = E2C7650429E984230062C485 /* Assets.xcassets */; };
		E2C7650829E984230062C485 /* Preview Assets.xcassets in Resources */ = {isa = PBXBuildFile; fileRef = E2C7650729E984230062C485 /* Preview Assets.xcassets */; };
		E2C7650F29E984390062C485 /* WebView.swift in Sources */ = {isa = PBXBuildFile; fileRef = E2C7650E29E984390062C485 /* WebView.swift */; };
		E2C7651129E984660062C485 /* RadioStations.swift in Sources */ = {isa = PBXBuildFile; fileRef = E2C7651029E984660062C485 /* RadioStations.swift */; };
		E2C7651329E9847D0062C485 /* RadioStationsView.swift in Sources */ = {isa = PBXBuildFile; fileRef = E2C7651229E9847C0062C485 /* RadioStationsView.swift */; };
		E2C7651529E984980062C485 /* SoundManager.swift in Sources */ = {isa = PBXBuildFile; fileRef = E2C7651429E984980062C485 /* SoundManager.swift */; };
		E2C7651729E984AF0062C485 /* RadioListView.swift in Sources */ = {isa = PBXBuildFile; fileRef = E2C7651629E984AF0062C485 /* RadioListView.swift */; };
		E2C7651929E984C40062C485 /* NowPlayingBar.swift in Sources */ = {isa = PBXBuildFile; fileRef = E2C7651829E984C40062C485 /* NowPlayingBar.swift */; };
		E2C7651B29E984E60062C485 /* Border.swift in Sources */ = {isa = PBXBuildFile; fileRef = E2C7651A29E984E60062C485 /* Border.swift */; };
		E2C7651D29E985170062C485 /* JornaisListView.swift in Sources */ = {isa = PBXBuildFile; fileRef = E2C7651C29E985170062C485 /* JornaisListView.swift */; };
		E2C7651F29E9852E0062C485 /* PublicationView.swift in Sources */ = {isa = PBXBuildFile; fileRef = E2C7651E29E9852E0062C485 /* PublicationView.swift */; };
		E2C7652129E985450062C485 /* Publication.swift in Sources */ = {isa = PBXBuildFile; fileRef = E2C7652029E985450062C485 /* Publication.swift */; };
		E2C7652A29E995B20062C485 /* FavouriteItem.swift in Sources */ = {isa = PBXBuildFile; fileRef = E2C7652929E995B20062C485 /* FavouriteItem.swift */; };
		E2C7652E29E997340062C485 /* FavouritesListView.swift in Sources */ = {isa = PBXBuildFile; fileRef = E2C7652D29E997340062C485 /* FavouritesListView.swift */; };
		E2C7653129E99D570062C485 /* FavouritesItemsStore.swift in Sources */ = {isa = PBXBuildFile; fileRef = E2C7653029E99D570062C485 /* FavouritesItemsStore.swift */; };
/* End PBXBuildFile section */

/* Begin PBXFileReference section */
		E2C764FD29E984220062C485 /* radiojornais.app */ = {isa = PBXFileReference; explicitFileType = wrapper.application; includeInIndex = 0; path = radiojornais.app; sourceTree = BUILT_PRODUCTS_DIR; };
		E2C7650029E984220062C485 /* radiojornaisApp.swift */ = {isa = PBXFileReference; lastKnownFileType = sourcecode.swift; path = radiojornaisApp.swift; sourceTree = "<group>"; };
		E2C7650229E984220062C485 /* ContentView.swift */ = {isa = PBXFileReference; lastKnownFileType = sourcecode.swift; path = ContentView.swift; sourceTree = "<group>"; };
		E2C7650429E984230062C485 /* Assets.xcassets */ = {isa = PBXFileReference; lastKnownFileType = folder.assetcatalog; path = Assets.xcassets; sourceTree = "<group>"; };
		E2C7650729E984230062C485 /* Preview Assets.xcassets */ = {isa = PBXFileReference; lastKnownFileType = folder.assetcatalog; path = "Preview Assets.xcassets"; sourceTree = "<group>"; };
		E2C7650E29E984390062C485 /* WebView.swift */ = {isa = PBXFileReference; lastKnownFileType = sourcecode.swift; path = WebView.swift; sourceTree = "<group>"; };
		E2C7651029E984660062C485 /* RadioStations.swift */ = {isa = PBXFileReference; lastKnownFileType = sourcecode.swift; path = RadioStations.swift; sourceTree = "<group>"; };
		E2C7651229E9847C0062C485 /* RadioStationsView.swift */ = {isa = PBXFileReference; lastKnownFileType = sourcecode.swift; path = RadioStationsView.swift; sourceTree = "<group>"; };
		E2C7651429E984980062C485 /* SoundManager.swift */ = {isa = PBXFileReference; lastKnownFileType = sourcecode.swift; path = SoundManager.swift; sourceTree = "<group>"; };
		E2C7651629E984AF0062C485 /* RadioListView.swift */ = {isa = PBXFileReference; lastKnownFileType = sourcecode.swift; path = RadioListView.swift; sourceTree = "<group>"; };
		E2C7651829E984C40062C485 /* NowPlayingBar.swift */ = {isa = PBXFileReference; lastKnownFileType = sourcecode.swift; path = NowPlayingBar.swift; sourceTree = "<group>"; };
		E2C7651A29E984E60062C485 /* Border.swift */ = {isa = PBXFileReference; lastKnownFileType = sourcecode.swift; path = Border.swift; sourceTree = "<group>"; };
		E2C7651C29E985170062C485 /* JornaisListView.swift */ = {isa = PBXFileReference; lastKnownFileType = sourcecode.swift; path = JornaisListView.swift; sourceTree = "<group>"; };
		E2C7651E29E9852E0062C485 /* PublicationView.swift */ = {isa = PBXFileReference; lastKnownFileType = sourcecode.swift; path = PublicationView.swift; sourceTree = "<group>"; };
		E2C7652029E985450062C485 /* Publication.swift */ = {isa = PBXFileReference; lastKnownFileType = sourcecode.swift; path = Publication.swift; sourceTree = "<group>"; };
		E2C7652429E988290062C485 /* Info.plist */ = {isa = PBXFileReference; lastKnownFileType = text.plist; path = Info.plist; sourceTree = "<group>"; };
		E2C7652929E995B20062C485 /* FavouriteItem.swift */ = {isa = PBXFileReference; lastKnownFileType = sourcecode.swift; path = FavouriteItem.swift; sourceTree = "<group>"; };
		E2C7652D29E997340062C485 /* FavouritesListView.swift */ = {isa = PBXFileReference; lastKnownFileType = sourcecode.swift; path = FavouritesListView.swift; sourceTree = "<group>"; };
		E2C7653029E99D570062C485 /* FavouritesItemsStore.swift */ = {isa = PBXFileReference; lastKnownFileType = sourcecode.swift; path = FavouritesItemsStore.swift; sourceTree = "<group>"; };
/* End PBXFileReference section */

/* Begin PBXFrameworksBuildPhase section */
		E2C764FA29E984220062C485 /* Frameworks */ = {
			isa = PBXFrameworksBuildPhase;
			buildActionMask = 2147483647;
			files = (
			);
			runOnlyForDeploymentPostprocessing = 0;
		};
/* End PBXFrameworksBuildPhase section */

/* Begin PBXGroup section */
		E2C764F429E984220062C485 = {
			isa = PBXGroup;
			children = (
				E2C764FF29E984220062C485 /* radiojornais */,
				E2C764FE29E984220062C485 /* Products */,
			);
			sourceTree = "<group>";
		};
		E2C764FE29E984220062C485 /* Products */ = {
			isa = PBXGroup;
			children = (
				E2C764FD29E984220062C485 /* radiojornais.app */,
			);
			name = Products;
			sourceTree = "<group>";
		};
		E2C764FF29E984220062C485 /* radiojornais */ = {
			isa = PBXGroup;
			children = (
				E2C7652F29E9977F0062C485 /* Favourites */,
				E2C7652329E986CA0062C485 /* Jornais */,
				E2C7652229E986BC0062C485 /* Radio */,
				E2C7650029E984220062C485 /* radiojornaisApp.swift */,
				E2C7650229E984220062C485 /* ContentView.swift */,
				E2C7650E29E984390062C485 /* WebView.swift */,
				E2C7651A29E984E60062C485 /* Border.swift */,
				E2C7652429E988290062C485 /* Info.plist */,
				E2C7650429E984230062C485 /* Assets.xcassets */,
				E2C7650629E984230062C485 /* Preview Content */,
			);
			path = radiojornais;
			sourceTree = "<group>";
		};
		E2C7650629E984230062C485 /* Preview Content */ = {
			isa = PBXGroup;
			children = (
				E2C7650729E984230062C485 /* Preview Assets.xcassets */,
			);
			path = "Preview Content";
			sourceTree = "<group>";
		};
		E2C7652229E986BC0062C485 /* Radio */ = {
			isa = PBXGroup;
			children = (
				E2C7651029E984660062C485 /* RadioStations.swift */,
				E2C7651229E9847C0062C485 /* RadioStationsView.swift */,
				E2C7651429E984980062C485 /* SoundManager.swift */,
				E2C7651629E984AF0062C485 /* RadioListView.swift */,
				E2C7651829E984C40062C485 /* NowPlayingBar.swift */,
			);
			path = Radio;
			sourceTree = "<group>";
		};
		E2C7652329E986CA0062C485 /* Jornais */ = {
			isa = PBXGroup;
			children = (
				E2C7651E29E9852E0062C485 /* PublicationView.swift */,
				E2C7652029E985450062C485 /* Publication.swift */,
				E2C7651C29E985170062C485 /* JornaisListView.swift */,
			);
			path = Jornais;
			sourceTree = "<group>";
		};
		E2C7652F29E9977F0062C485 /* Favourites */ = {
			isa = PBXGroup;
			children = (
				E2C7653029E99D570062C485 /* FavouritesItemsStore.swift */,
				E2C7652D29E997340062C485 /* FavouritesListView.swift */,
				E2C7652929E995B20062C485 /* FavouriteItem.swift */,
			);
			path = Favourites;
			sourceTree = "<group>";
		};
/* End PBXGroup section */

/* Begin PBXNativeTarget section */
		E2C764FC29E984220062C485 /* radiojornais */ = {
			isa = PBXNativeTarget;
			buildConfigurationList = E2C7650B29E984230062C485 /* Build configuration list for PBXNativeTarget "radiojornais" */;
			buildPhases = (
				E2C764F929E984220062C485 /* Sources */,
				E2C764FA29E984220062C485 /* Frameworks */,
				E2C764FB29E984220062C485 /* Resources */,
			);
			buildRules = (
			);
			dependencies = (
			);
			name = radiojornais;
			productName = radiojornais;
			productReference = E2C764FD29E984220062C485 /* radiojornais.app */;
			productType = "com.apple.product-type.application";
		};
/* End PBXNativeTarget section */

/* Begin PBXProject section */
		E2C764F529E984220062C485 /* Project object */ = {
			isa = PBXProject;
			attributes = {
				BuildIndependentTargetsInParallel = 1;
				KnownAssetTags = (
					New,
				);
				LastSwiftUpdateCheck = 1410;
				LastUpgradeCheck = 1410;
				TargetAttributes = {
					E2C764FC29E984220062C485 = {
						CreatedOnToolsVersion = 14.1;
					};
				};
			};
			buildConfigurationList = E2C764F829E984220062C485 /* Build configuration list for PBXProject "radiojornais" */;
			compatibilityVersion = "Xcode 14.0";
			developmentRegion = en;
			hasScannedForEncodings = 0;
			knownRegions = (
				en,
				Base,
			);
			mainGroup = E2C764F429E984220062C485;
			productRefGroup = E2C764FE29E984220062C485 /* Products */;
			projectDirPath = "";
			projectRoot = "";
			targets = (
				E2C764FC29E984220062C485 /* radiojornais */,
			);
		};
/* End PBXProject section */

/* Begin PBXResourcesBuildPhase section */
		E2C764FB29E984220062C485 /* Resources */ = {
			isa = PBXResourcesBuildPhase;
			buildActionMask = 2147483647;
			files = (
				E2C7650829E984230062C485 /* Preview Assets.xcassets in Resources */,
				E2C7650529E984230062C485 /* Assets.xcassets in Resources */,
			);
			runOnlyForDeploymentPostprocessing = 0;
		};
/* End PBXResourcesBuildPhase section */

/* Begin PBXSourcesBuildPhase section */
		E2C764F929E984220062C485 /* Sources */ = {
			isa = PBXSourcesBuildPhase;
			buildActionMask = 2147483647;
			files = (
				E2C7651329E9847D0062C485 /* RadioStationsView.swift in Sources */,
				E2C7651B29E984E60062C485 /* Border.swift in Sources */,
				E2C7651729E984AF0062C485 /* RadioListView.swift in Sources */,
				E2C7650F29E984390062C485 /* WebView.swift in Sources */,
				E2C7651929E984C40062C485 /* NowPlayingBar.swift in Sources */,
				E2C7651F29E9852E0062C485 /* PublicationView.swift in Sources */,
				E2C7652E29E997340062C485 /* FavouritesListView.swift in Sources */,
				E2C7652129E985450062C485 /* Publication.swift in Sources */,
				E2C7652A29E995B20062C485 /* FavouriteItem.swift in Sources */,
				E2C7650329E984220062C485 /* ContentView.swift in Sources */,
				E2C7651129E984660062C485 /* RadioStations.swift in Sources */,
				E2C7653129E99D570062C485 /* FavouritesItemsStore.swift in Sources */,
				E2C7650129E984220062C485 /* radiojornaisApp.swift in Sources */,
				E2C7651529E984980062C485 /* SoundManager.swift in Sources */,
				E2C7651D29E985170062C485 /* JornaisListView.swift in Sources */,
			);
			runOnlyForDeploymentPostprocessing = 0;
		};
/* End PBXSourcesBuildPhase section */

/* Begin XCBuildConfiguration section */
		E2C7650929E984230062C485 /* Debug */ = {
			isa = XCBuildConfiguration;
			buildSettings = {
				ALWAYS_SEARCH_USER_PATHS = NO;
				CLANG_ANALYZER_NONNULL = YES;
				CLANG_ANALYZER_NUMBER_OBJECT_CONVERSION = YES_AGGRESSIVE;
				CLANG_CXX_LANGUAGE_STANDARD = "gnu++20";
				CLANG_ENABLE_MODULES = YES;
				CLANG_ENABLE_OBJC_ARC = YES;
				CLANG_ENABLE_OBJC_WEAK = YES;
				CLANG_WARN_BLOCK_CAPTURE_AUTORELEASING = YES;
				CLANG_WARN_BOOL_CONVERSION = YES;
				CLANG_WARN_COMMA = YES;
				CLANG_WARN_CONSTANT_CONVERSION = YES;
				CLANG_WARN_DEPRECATED_OBJC_IMPLEMENTATIONS = YES;
				CLANG_WARN_DIRECT_OBJC_ISA_USAGE = YES_ERROR;
				CLANG_WARN_DOCUMENTATION_COMMENTS = YES;
				CLANG_WARN_EMPTY_BODY = YES;
				CLANG_WARN_ENUM_CONVERSION = YES;
				CLANG_WARN_INFINITE_RECURSION = YES;
				CLANG_WARN_INT_CONVERSION = YES;
				CLANG_WARN_NON_LITERAL_NULL_CONVERSION = YES;
				CLANG_WARN_OBJC_IMPLICIT_RETAIN_SELF = YES;
				CLANG_WARN_OBJC_LITERAL_CONVERSION = YES;
				CLANG_WARN_OBJC_ROOT_CLASS = YES_ERROR;
				CLANG_WARN_QUOTED_INCLUDE_IN_FRAMEWORK_HEADER = YES;
				CLANG_WARN_RANGE_LOOP_ANALYSIS = YES;
				CLANG_WARN_STRICT_PROTOTYPES = YES;
				CLANG_WARN_SUSPICIOUS_MOVE = YES;
				CLANG_WARN_UNGUARDED_AVAILABILITY = YES_AGGRESSIVE;
				CLANG_WARN_UNREACHABLE_CODE = YES;
				CLANG_WARN__DUPLICATE_METHOD_MATCH = YES;
				COPY_PHASE_STRIP = NO;
				DEBUG_INFORMATION_FORMAT = dwarf;
				ENABLE_STRICT_OBJC_MSGSEND = YES;
				ENABLE_TESTABILITY = YES;
				GCC_C_LANGUAGE_STANDARD = gnu11;
				GCC_DYNAMIC_NO_PIC = NO;
				GCC_NO_COMMON_BLOCKS = YES;
				GCC_OPTIMIZATION_LEVEL = 0;
				GCC_PREPROCESSOR_DEFINITIONS = (
					"DEBUG=1",
					"$(inherited)",
				);
				GCC_WARN_64_TO_32_BIT_CONVERSION = YES;
				GCC_WARN_ABOUT_RETURN_TYPE = YES_ERROR;
				GCC_WARN_UNDECLARED_SELECTOR = YES;
				GCC_WARN_UNINITIALIZED_AUTOS = YES_AGGRESSIVE;
				GCC_WARN_UNUSED_FUNCTION = YES;
				GCC_WARN_UNUSED_VARIABLE = YES;
				IPHONEOS_DEPLOYMENT_TARGET = 16.1;
				MTL_ENABLE_DEBUG_INFO = INCLUDE_SOURCE;
				MTL_FAST_MATH = YES;
				ONLY_ACTIVE_ARCH = YES;
				SDKROOT = iphoneos;
				SWIFT_ACTIVE_COMPILATION_CONDITIONS = DEBUG;
				SWIFT_OPTIMIZATION_LEVEL = "-Onone";
			};
			name = Debug;
		};
		E2C7650A29E984230062C485 /* Release */ = {
			isa = XCBuildConfiguration;
			buildSettings = {
				ALWAYS_SEARCH_USER_PATHS = NO;
				CLANG_ANALYZER_NONNULL = YES;
				CLANG_ANALYZER_NUMBER_OBJECT_CONVERSION = YES_AGGRESSIVE;
				CLANG_CXX_LANGUAGE_STANDARD = "gnu++20";
				CLANG_ENABLE_MODULES = YES;
				CLANG_ENABLE_OBJC_ARC = YES;
				CLANG_ENABLE_OBJC_WEAK = YES;
				CLANG_WARN_BLOCK_CAPTURE_AUTORELEASING = YES;
				CLANG_WARN_BOOL_CONVERSION = YES;
				CLANG_WARN_COMMA = YES;
				CLANG_WARN_CONSTANT_CONVERSION = YES;
				CLANG_WARN_DEPRECATED_OBJC_IMPLEMENTATIONS = YES;
				CLANG_WARN_DIRECT_OBJC_ISA_USAGE = YES_ERROR;
				CLANG_WARN_DOCUMENTATION_COMMENTS = YES;
				CLANG_WARN_EMPTY_BODY = YES;
				CLANG_WARN_ENUM_CONVERSION = YES;
				CLANG_WARN_INFINITE_RECURSION = YES;
				CLANG_WARN_INT_CONVERSION = YES;
				CLANG_WARN_NON_LITERAL_NULL_CONVERSION = YES;
				CLANG_WARN_OBJC_IMPLICIT_RETAIN_SELF = YES;
				CLANG_WARN_OBJC_LITERAL_CONVERSION = YES;
				CLANG_WARN_OBJC_ROOT_CLASS = YES_ERROR;
				CLANG_WARN_QUOTED_INCLUDE_IN_FRAMEWORK_HEADER = YES;
				CLANG_WARN_RANGE_LOOP_ANALYSIS = YES;
				CLANG_WARN_STRICT_PROTOTYPES = YES;
				CLANG_WARN_SUSPICIOUS_MOVE = YES;
				CLANG_WARN_UNGUARDED_AVAILABILITY = YES_AGGRESSIVE;
				CLANG_WARN_UNREACHABLE_CODE = YES;
				CLANG_WARN__DUPLICATE_METHOD_MATCH = YES;
				COPY_PHASE_STRIP = NO;
				DEBUG_INFORMATION_FORMAT = "dwarf-with-dsym";
				ENABLE_NS_ASSERTIONS = NO;
				ENABLE_STRICT_OBJC_MSGSEND = YES;
				GCC_C_LANGUAGE_STANDARD = gnu11;
				GCC_NO_COMMON_BLOCKS = YES;
				GCC_WARN_64_TO_32_BIT_CONVERSION = YES;
				GCC_WARN_ABOUT_RETURN_TYPE = YES_ERROR;
				GCC_WARN_UNDECLARED_SELECTOR = YES;
				GCC_WARN_UNINITIALIZED_AUTOS = YES_AGGRESSIVE;
				GCC_WARN_UNUSED_FUNCTION = YES;
				GCC_WARN_UNUSED_VARIABLE = YES;
				IPHONEOS_DEPLOYMENT_TARGET = 16.1;
				MTL_ENABLE_DEBUG_INFO = NO;
				MTL_FAST_MATH = YES;
				SDKROOT = iphoneos;
				SWIFT_COMPILATION_MODE = wholemodule;
				SWIFT_OPTIMIZATION_LEVEL = "-O";
				VALIDATE_PRODUCT = YES;
			};
			name = Release;
		};
		E2C7650C29E984230062C485 /* Debug */ = {
			isa = XCBuildConfiguration;
			buildSettings = {
				ASSETCATALOG_COMPILER_APPICON_NAME = AppIcon;
				ASSETCATALOG_COMPILER_GLOBAL_ACCENT_COLOR_NAME = AccentColor;
				CODE_SIGN_STYLE = Automatic;
				CURRENT_PROJECT_VERSION = 1;
				DEVELOPMENT_ASSET_PATHS = "\"radiojornais/Preview Content\"";
				DEVELOPMENT_TEAM = 76JCT53BXS;
				ENABLE_PREVIEWS = YES;
				GENERATE_INFOPLIST_FILE = YES;
				INFOPLIST_FILE = radiojornais/Info.plist;
				INFOPLIST_KEY_CFBundleDisplayName = radiojornais;
				INFOPLIST_KEY_LSApplicationCategoryType = "public.app-category.magazines-and-newspapers";
				INFOPLIST_KEY_UIApplicationSceneManifest_Generation = YES;
				INFOPLIST_KEY_UIApplicationSupportsIndirectInputEvents = YES;
				INFOPLIST_KEY_UILaunchStoryboardName = "Launch Screen.storyboard";
				INFOPLIST_KEY_UIRequiresFullScreen = YES;
				INFOPLIST_KEY_UISupportedInterfaceOrientations = "UIInterfaceOrientationPortrait UIInterfaceOrientationPortraitUpsideDown";
				INFOPLIST_KEY_UIUserInterfaceStyle = Light;
				IPHONEOS_DEPLOYMENT_TARGET = 16.0;
				LD_RUNPATH_SEARCH_PATHS = (
					"$(inherited)",
					"@executable_path/Frameworks",
				);
				MARKETING_VERSION = 1.0;
				PRODUCT_BUNDLE_IDENTIFIER = test.radiojornais;
				PRODUCT_NAME = "$(TARGET_NAME)";
				SWIFT_EMIT_LOC_STRINGS = YES;
				SWIFT_VERSION = 5.0;
				TARGETED_DEVICE_FAMILY = "1,2";
			};
			name = Debug;
		};
		E2C7650D29E984230062C485 /* Release */ = {
			isa = XCBuildConfiguration;
			buildSettings = {
				ASSETCATALOG_COMPILER_APPICON_NAME = AppIcon;
				ASSETCATALOG_COMPILER_GLOBAL_ACCENT_COLOR_NAME = AccentColor;
				CODE_SIGN_STYLE = Automatic;
				CURRENT_PROJECT_VERSION = 1;
				DEVELOPMENT_ASSET_PATHS = "\"radiojornais/Preview Content\"";
				DEVELOPMENT_TEAM = 76JCT53BXS;
				ENABLE_PREVIEWS = YES;
				GENERATE_INFOPLIST_FILE = YES;
				INFOPLIST_FILE = radiojornais/Info.plist;
				INFOPLIST_KEY_CFBundleDisplayName = radiojornais;
				INFOPLIST_KEY_LSApplicationCategoryType = "public.app-category.magazines-and-newspapers";
				INFOPLIST_KEY_UIApplicationSceneManifest_Generation = YES;
				INFOPLIST_KEY_UIApplicationSupportsIndirectInputEvents = YES;
				INFOPLIST_KEY_UILaunchStoryboardName = "Launch Screen.storyboard";
				INFOPLIST_KEY_UIRequiresFullScreen = YES;
				INFOPLIST_KEY_UISupportedInterfaceOrientations = "UIInterfaceOrientationPortrait UIInterfaceOrientationPortraitUpsideDown";
				INFOPLIST_KEY_UIUserInterfaceStyle = Light;
				IPHONEOS_DEPLOYMENT_TARGET = 16.0;
				LD_RUNPATH_SEARCH_PATHS = (
					"$(inherited)",
					"@executable_path/Frameworks",
				);
				MARKETING_VERSION = 1.0;
				PRODUCT_BUNDLE_IDENTIFIER = test.radiojornais;
				PRODUCT_NAME = "$(TARGET_NAME)";
				SWIFT_EMIT_LOC_STRINGS = YES;
				SWIFT_VERSION = 5.0;
				TARGETED_DEVICE_FAMILY = "1,2";
			};
			name = Release;
		};
/* End XCBuildConfiguration section */

/* Begin XCConfigurationList section */
		E2C764F829E984220062C485 /* Build configuration list for PBXProject "radiojornais" */ = {
			isa = XCConfigurationList;
			buildConfigurations = (
				E2C7650929E984230062C485 /* Debug */,
				E2C7650A29E984230062C485 /* Release */,
			);
			defaultConfigurationIsVisible = 0;
			defaultConfigurationName = Release;
		};
		E2C7650B29E984230062C485 /* Build configuration list for PBXNativeTarget "radiojornais" */ = {
			isa = XCConfigurationList;
			buildConfigurations = (
				E2C7650C29E984230062C485 /* Debug */,
				E2C7650D29E984230062C485 /* Release */,
			);
			defaultConfigurationIsVisible = 0;
			defaultConfigurationName = Release;
		};
/* End XCConfigurationList section */
	};
	rootObject = E2C764F529E984220062C485 /* Project object */;
}
